
Microsoft Visual Studio Solution File, Format Version 12.00
# Visual Studio Version 17
VisualStudioVersion = 17.3.32929.385
MinimumVisualStudioVersion = 10.0.40219.1
Project("{FAE04EC0-301F-11D3-BF4B-00C04F79EFBC}") = "lab2.2(graph)", "lab2.2(graph)\lab2.2(graph).csproj", "{C1E4A2A6-A54C-44B8-A97F-1DC51065CB27}"
EndProject
Global
	GlobalSection(SolutionConfigurationPlatforms) = preSolution
		Debug|Any CPU = Debug|Any CPU
		Release|Any CPU = Release|Any CPU
	EndGlobalSection
	GlobalSection(ProjectConfigurationPlatforms) = postSolution
		{C1E4A2A6-A54C-44B8-A97F-1DC51065CB27}.Debug|Any CPU.ActiveCfg = Debug|Any CPU
		{C1E4A2A6-A54C-44B8-A97F-1DC51065CB27}.Debug|Any CPU.Build.0 = Debug|Any CPU
		{C1E4A2A6-A54C-44B8-A97F-1DC51065CB27}.Release|Any CPU.ActiveCfg = Release|Any CPU
		{C1E4A2A6-A54C-44B8-A97F-1DC51065CB27}.Release|Any CPU.Build.0 = Release|Any CPU
	EndGlobalSection
	GlobalSection(SolutionProperties) = preSolution
		HideSolutionNode = FALSE
	EndGlobalSection
	GlobalSection(ExtensibilityGlobals) = postSolution
		SolutionGuid = {FCDB41ED-76DA-48E7-A3EB-3302C83FD381}
	EndGlobalSection
EndGlobal
